
Microsoft Visual Studio Solution File, Format Version 12.00
# Visual Studio Version 17
VisualStudioVersion = 17.13.35931.197 d17.13
MinimumVisualStudioVersion = 10.0.40219.1
Project("{FAE04EC0-301F-11D3-BF4B-00C04F79EFBC}") = "Encryption_and_Decryption_Application_GUI", "Encryption_and_Decryption_Application_GUI.csproj", "{4AB92598-E9F2-4711-8F66-7A020873E8E7}"
EndProject
Global
	GlobalSection(SolutionConfigurationPlatforms) = preSolution
		Debug|Any CPU = Debug|Any CPU
		Release|Any CPU = Release|Any CPU
	EndGlobalSection
	GlobalSection(ProjectConfigurationPlatforms) = postSolution
		{4AB92598-E9F2-4711-8F66-7A020873E8E7}.Debug|Any CPU.ActiveCfg = Debug|Any CPU
		{4AB92598-E9F2-4711-8F66-7A020873E8E7}.Debug|Any CPU.Build.0 = Debug|Any CPU
		{4AB92598-E9F2-4711-8F66-7A020873E8E7}.Release|Any CPU.ActiveCfg = Release|Any CPU
		{4AB92598-E9F2-4711-8F66-7A020873E8E7}.Release|Any CPU.Build.0 = Release|Any CPU
	EndGlobalSection
	GlobalSection(SolutionProperties) = preSolution
		HideSolutionNode = FALSE
	EndGlobalSection
	GlobalSection(ExtensibilityGlobals) = postSolution
		SolutionGuid = {462C9076-3362-4965-89A5-7290963472EC}
	EndGlobalSection
EndGlobal
